{
  "name": "vue-elm",
  "version": "1.0.0",
  "lockfileVersion": 1,
  "requires": true,
  "dependencies": {
    "@dcloudio/uni-ui": {
      "version": "1.1.8",
      "resolved": "http://r.cnpmjs.org/@dcloudio/uni-ui/download/@dcloudio/uni-ui-1.1.8.tgz",
      "integrity": "sha1-ZtES2MkQSDXmNfKTqC12Cqyycz0="
    },
    "lodash": {
      "version": "4.17.15",
      "resolved": "http://r.cnpmjs.org/lodash/download/lodash-4.17.15.tgz",
      "integrity": "sha1-tEf2ZwoEVbv+7dETku/zMOoJdUg="
    }
  }
}
